
Microsoft Visual Studio Solution File, Format Version 12.00
# Visual Studio Version 17
VisualStudioVersion = 17.2.32630.192
MinimumVisualStudioVersion = 10.0.40219.1
Project("{8BC9CEB8-8B4A-11D0-8D11-00A0C91BC942}") = "Labs", "Labs\Labs.vcxproj", "{0F3337E3-98D0-4C03-9C65-F65A382361F4}"
EndProject
Project("{8BC9CEB8-8B4A-11D0-8D11-00A0C91BC942}") = "lab2", "lab2\lab2.vcxproj", "{FE956175-B091-43C9-A5C8-9E1BB430CC7E}"
EndProject
Project("{8BC9CEB8-8B4A-11D0-8D11-00A0C91BC942}") = "lab2.2", "lab2.2\lab2.2.vcxproj", "{99CEDC63-949D-4267-80C7-C90E4706D7DA}"
EndProject
Project("{8BC9CEB8-8B4A-11D0-8D11-00A0C91BC942}") = "lab3", "lab3\lab3.vcxproj", "{9AC3E753-2D96-4723-A14A-701A5999A5BB}"
EndProject
Project("{8BC9CEB8-8B4A-11D0-8D11-00A0C91BC942}") = "lab4", "lab4\lab4.vcxproj", "{328C70CA-4EC3-43FB-B609-1CFA72AE3AE9}"
EndProject
Project("{8BC9CEB8-8B4A-11D0-8D11-00A0C91BC942}") = "4.1", "4.1\4.1.vcxproj", "{B45B89C8-90B7-49DE-9A3C-374B6CFC3610}"
EndProject
Project("{8BC9CEB8-8B4A-11D0-8D11-00A0C91BC942}") = "4.2", "4.2\4.2.vcxproj", "{CE1DF1AA-0F01-40D8-844E-69E317542C04}"
EndProject
Project("{8BC9CEB8-8B4A-11D0-8D11-00A0C91BC942}") = "4.3", "4.3\4.3.vcxproj", "{78912B38-4D69-4B72-8254-9CFCA6DE5C48}"
EndProject
Project("{8BC9CEB8-8B4A-11D0-8D11-00A0C91BC942}") = "lab3.3", "lab3.3\lab3.3.vcxproj", "{D9BEF228-50CF-47CB-B987-854B77C8D5A4}"
EndProject
Global
	GlobalSection(SolutionConfigurationPlatforms) = preSolution
		Debug|x64 = Debug|x64
		Debug|x86 = Debug|x86
		Release|x64 = Release|x64
		Release|x86 = Release|x86
	EndGlobalSection
	GlobalSection(ProjectConfigurationPlatforms) = postSolution
		{0F3337E3-98D0-4C03-9C65-F65A382361F4}.Debug|x64.ActiveCfg = Debug|x64
		{0F3337E3-98D0-4C03-9C65-F65A382361F4}.Debug|x64.Build.0 = Debug|x64
		{0F3337E3-98D0-4C03-9C65-F65A382361F4}.Debug|x86.ActiveCfg = Debug|Win32
		{0F3337E3-98D0-4C03-9C65-F65A382361F4}.Debug|x86.Build.0 = Debug|Win32
		{0F3337E3-98D0-4C03-9C65-F65A382361F4}.Release|x64.ActiveCfg = Release|x64
		{0F3337E3-98D0-4C03-9C65-F65A382361F4}.Release|x64.Build.0 = Release|x64
		{0F3337E3-98D0-4C03-9C65-F65A382361F4}.Release|x86.ActiveCfg = Release|Win32
		{0F3337E3-98D0-4C03-9C65-F65A382361F4}.Release|x86.Build.0 = Release|Win32
		{FE956175-B091-43C9-A5C8-9E1BB430CC7E}.Debug|x64.ActiveCfg = Debug|x64
		{FE956175-B091-43C9-A5C8-9E1BB430CC7E}.Debug|x64.Build.0 = Debug|x64
		{FE956175-B091-43C9-A5C8-9E1BB430CC7E}.Debug|x86.ActiveCfg = Debug|Win32
		{FE956175-B091-43C9-A5C8-9E1BB430CC7E}.Debug|x86.Build.0 = Debug|Win32
		{FE956175-B091-43C9-A5C8-9E1BB430CC7E}.Release|x64.ActiveCfg = Release|x64
		{FE956175-B091-43C9-A5C8-9E1BB430CC7E}.Release|x64.Build.0 = Release|x64
		{FE956175-B091-43C9-A5C8-9E1BB430CC7E}.Release|x86.ActiveCfg = Release|Win32
		{FE956175-B091-43C9-A5C8-9E1BB430CC7E}.Release|x86.Build.0 = Release|Win32
		{99CEDC63-949D-4267-80C7-C90E4706D7DA}.Debug|x64.ActiveCfg = Debug|x64
		{99CEDC63-949D-4267-80C7-C90E4706D7DA}.Debug|x64.Build.0 = Debug|x64
		{99CEDC63-949D-4267-80C7-C90E4706D7DA}.Debug|x86.ActiveCfg = Debug|Win32
		{99CEDC63-949D-4267-80C7-C90E4706D7DA}.Debug|x86.Build.0 = Debug|Win32
		{99CEDC63-949D-4267-80C7-C90E4706D7DA}.Release|x64.ActiveCfg = Release|x64
		{99CEDC63-949D-4267-80C7-C90E4706D7DA}.Release|x64.Build.0 = Release|x64
		{99CEDC63-949D-4267-80C7-C90E4706D7DA}.Release|x86.ActiveCfg = Release|Win32
		{99CEDC63-949D-4267-80C7-C90E4706D7DA}.Release|x86.Build.0 = Release|Win32
		{9AC3E753-2D96-4723-A14A-701A5999A5BB}.Debug|x64.ActiveCfg = Debug|x64
		{9AC3E753-2D96-4723-A14A-701A5999A5BB}.Debug|x64.Build.0 = Debug|x64
		{9AC3E753-2D96-4723-A14A-701A5999A5BB}.Debug|x86.ActiveCfg = Debug|Win32
		{9AC3E753-2D96-4723-A14A-701A5999A5BB}.Debug|x86.Build.0 = Debug|Win32
		{9AC3E753-2D96-4723-A14A-701A5999A5BB}.Release|x64.ActiveCfg = Release|x64
		{9AC3E753-2D96-4723-A14A-701A5999A5BB}.Release|x64.Build.0 = Release|x64
		{9AC3E753-2D96-4723-A14A-701A5999A5BB}.Release|x86.ActiveCfg = Release|Win32
		{9AC3E753-2D96-4723-A14A-701A5999A5BB}.Release|x86.Build.0 = Release|Win32
		{328C70CA-4EC3-43FB-B609-1CFA72AE3AE9}.Debug|x64.ActiveCfg = Debug|x64
		{328C70CA-4EC3-43FB-B609-1CFA72AE3AE9}.Debug|x64.Build.0 = Debug|x64
		{328C70CA-4EC3-43FB-B609-1CFA72AE3AE9}.Debug|x86.ActiveCfg = Debug|Win32
		{328C70CA-4EC3-43FB-B609-1CFA72AE3AE9}.Debug|x86.Build.0 = Debug|Win32
		{328C70CA-4EC3-43FB-B609-1CFA72AE3AE9}.Release|x64.ActiveCfg = Release|x64
		{328C70CA-4EC3-43FB-B609-1CFA72AE3AE9}.Release|x64.Build.0 = Release|x64
		{328C70CA-4EC3-43FB-B609-1CFA72AE3AE9}.Release|x86.ActiveCfg = Release|Win32
		{328C70CA-4EC3-43FB-B609-1CFA72AE3AE9}.Release|x86.Build.0 = Release|Win32
		{B45B89C8-90B7-49DE-9A3C-374B6CFC3610}.Debug|x64.ActiveCfg = Debug|x64
		{B45B89C8-90B7-49DE-9A3C-374B6CFC3610}.Debug|x64.Build.0 = Debug|x64
		{B45B89C8-90B7-49DE-9A3C-374B6CFC3610}.Debug|x86.ActiveCfg = Debug|Win32
		{B45B89C8-90B7-49DE-9A3C-374B6CFC3610}.Debug|x86.Build.0 = Debug|Win32
		{B45B89C8-90B7-49DE-9A3C-374B6CFC3610}.Release|x64.ActiveCfg = Release|x64
		{B45B89C8-90B7-49DE-9A3C-374B6CFC3610}.Release|x64.Build.0 = Release|x64
		{B45B89C8-90B7-49DE-9A3C-374B6CFC3610}.Release|x86.ActiveCfg = Release|Win32
		{B45B89C8-90B7-49DE-9A3C-374B6CFC3610}.Release|x86.Build.0 = Release|Win32
		{CE1DF1AA-0F01-40D8-844E-69E317542C04}.Debug|x64.ActiveCfg = Debug|x64
		{CE1DF1AA-0F01-40D8-844E-69E317542C04}.Debug|x64.Build.0 = Debug|x64
		{CE1DF1AA-0F01-40D8-844E-69E317542C04}.Debug|x86.ActiveCfg = Debug|Win32
		{CE1DF1AA-0F01-40D8-844E-69E317542C04}.Debug|x86.Build.0 = Debug|Win32
		{CE1DF1AA-0F01-40D8-844E-69E317542C04}.Release|x64.ActiveCfg = Release|x64
		{CE1DF1AA-0F01-40D8-844E-69E317542C04}.Release|x64.Build.0 = Release|x64
		{CE1DF1AA-0F01-40D8-844E-69E317542C04}.Release|x86.ActiveCfg = Release|Win32
		{CE1DF1AA-0F01-40D8-844E-69E317542C04}.Release|x86.Build.0 = Release|Win32
		{78912B38-4D69-4B72-8254-9CFCA6DE5C48}.Debug|x64.ActiveCfg = Debug|x64
		{78912B38-4D69-4B72-8254-9CFCA6DE5C48}.Debug|x64.Build.0 = Debug|x64
		{78912B38-4D69-4B72-8254-9CFCA6DE5C48}.Debug|x86.ActiveCfg = Debug|Win32
		{78912B38-4D69-4B72-8254-9CFCA6DE5C48}.Debug|x86.Build.0 = Debug|Win32
		{78912B38-4D69-4B72-8254-9CFCA6DE5C48}.Release|x64.ActiveCfg = Release|x64
		{78912B38-4D69-4B72-8254-9CFCA6DE5C48}.Release|x64.Build.0 = Release|x64
		{78912B38-4D69-4B72-8254-9CFCA6DE5C48}.Release|x86.ActiveCfg = Release|Win32
		{78912B38-4D69-4B72-8254-9CFCA6DE5C48}.Release|x86.Build.0 = Release|Win32
		{D9BEF228-50CF-47CB-B987-854B77C8D5A4}.Debug|x64.ActiveCfg = Debug|x64
		{D9BEF228-50CF-47CB-B987-854B77C8D5A4}.Debug|x64.Build.0 = Debug|x64
		{D9BEF228-50CF-47CB-B987-854B77C8D5A4}.Debug|x86.ActiveCfg = Debug|Win32
		{D9BEF228-50CF-47CB-B987-854B77C8D5A4}.Debug|x86.Build.0 = Debug|Win32
		{D9BEF228-50CF-47CB-B987-854B77C8D5A4}.Release|x64.ActiveCfg = Release|x64
		{D9BEF228-50CF-47CB-B987-854B77C8D5A4}.Release|x64.Build.0 = Release|x64
		{D9BEF228-50CF-47CB-B987-854B77C8D5A4}.Release|x86.ActiveCfg = Release|Win32
		{D9BEF228-50CF-47CB-B987-854B77C8D5A4}.Release|x86.Build.0 = Release|Win32
	EndGlobalSection
	GlobalSection(SolutionProperties) = preSolution
		HideSolutionNode = FALSE
	EndGlobalSection
	GlobalSection(ExtensibilityGlobals) = postSolution
		SolutionGuid = {5A4B47D2-1C60-4849-B33E-32027B3E18DC}
	EndGlobalSection
EndGlobal
